
Microsoft Visual Studio Solution File, Format Version 12.00
# Visual Studio Version 16
VisualStudioVersion = 16.0.30717.126
MinimumVisualStudioVersion = 10.0.40219.1
Project("{FAE04EC0-301F-11D3-BF4B-00C04F79EFBC}") = "sample_login_form", "sample_login_form\sample_login_form.csproj", "{0552A19C-F3EA-4346-AD14-EB0A5981BE1E}"
EndProject
Global
	GlobalSection(SolutionConfigurationPlatforms) = preSolution
		Debug|Any CPU = Debug|Any CPU
		Release|Any CPU = Release|Any CPU
	EndGlobalSection
	GlobalSection(ProjectConfigurationPlatforms) = postSolution
		{0552A19C-F3EA-4346-AD14-EB0A5981BE1E}.Debug|Any CPU.ActiveCfg = Debug|Any CPU
		{0552A19C-F3EA-4346-AD14-EB0A5981BE1E}.Debug|Any CPU.Build.0 = Debug|Any CPU
		{0552A19C-F3EA-4346-AD14-EB0A5981BE1E}.Release|Any CPU.ActiveCfg = Release|Any CPU
		{0552A19C-F3EA-4346-AD14-EB0A5981BE1E}.Release|Any CPU.Build.0 = Release|Any CPU
	EndGlobalSection
	GlobalSection(SolutionProperties) = preSolution
		HideSolutionNode = FALSE
	EndGlobalSection
	GlobalSection(ExtensibilityGlobals) = postSolution
		SolutionGuid = {522D6762-D154-4947-88E3-E6ABA8895957}
	EndGlobalSection
EndGlobal
