
Microsoft Visual Studio Solution File, Format Version 12.00
# Visual Studio Version 16
VisualStudioVersion = 16.0.30717.126
MinimumVisualStudioVersion = 10.0.40219.1
Project("{FAE04EC0-301F-11D3-BF4B-00C04F79EFBC}") = "test1213_2", "test1213_2\test1213_2.csproj", "{5A155288-792F-4A82-9DB2-6CB0EF3D0592}"
EndProject
Global
	GlobalSection(SolutionConfigurationPlatforms) = preSolution
		Debug|Any CPU = Debug|Any CPU
		Release|Any CPU = Release|Any CPU
	EndGlobalSection
	GlobalSection(ProjectConfigurationPlatforms) = postSolution
		{5A155288-792F-4A82-9DB2-6CB0EF3D0592}.Debug|Any CPU.ActiveCfg = Debug|Any CPU
		{5A155288-792F-4A82-9DB2-6CB0EF3D0592}.Debug|Any CPU.Build.0 = Debug|Any CPU
		{5A155288-792F-4A82-9DB2-6CB0EF3D0592}.Release|Any CPU.ActiveCfg = Release|Any CPU
		{5A155288-792F-4A82-9DB2-6CB0EF3D0592}.Release|Any CPU.Build.0 = Release|Any CPU
	EndGlobalSection
	GlobalSection(SolutionProperties) = preSolution
		HideSolutionNode = FALSE
	EndGlobalSection
	GlobalSection(ExtensibilityGlobals) = postSolution
		SolutionGuid = {0E135BBA-3B57-4837-A627-6A760A6F64FE}
	EndGlobalSection
EndGlobal
