
Microsoft Visual Studio Solution File, Format Version 12.00
# Visual Studio Version 16
VisualStudioVersion = 16.0.30717.126
MinimumVisualStudioVersion = 10.0.40219.1
Project("{FAE04EC0-301F-11D3-BF4B-00C04F79EFBC}") = "test01", "test01\test01.csproj", "{8D343584-52EB-42B4-9396-14D92D85EB42}"
EndProject
Global
	GlobalSection(SolutionConfigurationPlatforms) = preSolution
		Debug|Any CPU = Debug|Any CPU
		Release|Any CPU = Release|Any CPU
	EndGlobalSection
	GlobalSection(ProjectConfigurationPlatforms) = postSolution
		{8D343584-52EB-42B4-9396-14D92D85EB42}.Debug|Any CPU.ActiveCfg = Debug|Any CPU
		{8D343584-52EB-42B4-9396-14D92D85EB42}.Debug|Any CPU.Build.0 = Debug|Any CPU
		{8D343584-52EB-42B4-9396-14D92D85EB42}.Release|Any CPU.ActiveCfg = Release|Any CPU
		{8D343584-52EB-42B4-9396-14D92D85EB42}.Release|Any CPU.Build.0 = Release|Any CPU
	EndGlobalSection
	GlobalSection(SolutionProperties) = preSolution
		HideSolutionNode = FALSE
	EndGlobalSection
	GlobalSection(ExtensibilityGlobals) = postSolution
		SolutionGuid = {721208A6-600B-4363-895C-5056512DF2F2}
	EndGlobalSection
EndGlobal
